{
  "name": "@whcg/whcg-search-box",
  "version": "1.0.0",
  "lockfileVersion": 1,
  "requires": true,
  "dependencies": {
    "@polymer/iron-flex-layout": {
      "version": "3.0.0-pre.21",
      "resolved": "https://registry.npmjs.org/@polymer/iron-flex-layout/-/iron-flex-layout-3.0.0-pre.21.tgz",
      "integrity": "sha512-/GFBWLBhpzycXmdyS+rzQxCa/ssCX5ZGEa0M/oMRsUK/hUKrj/XBNNYZ3BlyHf2NHELNqnwZLcIZB5EPjA0uwg==",
      "requires": {
        "@polymer/polymer": "^3.0.0"
      }
    },
    "@polymer/iron-icon": {
      "version": "3.0.0-pre.21",
      "resolved": "https://registry.npmjs.org/@polymer/iron-icon/-/iron-icon-3.0.0-pre.21.tgz",
      "integrity": "sha512-B/6ncM/JiKYOCkYtIsgztZuMzmMWAR5POGQ0r7TU0RaBzKstqTvn6NfRHeNzYjsOwBMse/wA6/qvgvCRgx6kWw==",
      "requires": {
        "@polymer/iron-flex-layout": "^3.0.0-pre.21",
        "@polymer/iron-meta": "^3.0.0-pre.21",
        "@polymer/polymer": "^3.0.0"
      }
    },
    "@polymer/iron-iconset-svg": {
      "version": "3.0.0-pre.21",
      "resolved": "https://registry.npmjs.org/@polymer/iron-iconset-svg/-/iron-iconset-svg-3.0.0-pre.21.tgz",
      "integrity": "sha512-YWdX3QROFHKsGds9wUDbD2u1hN6uG6oG4fEu/F16aHFQg9tu2oiSyRspGsOQlXJ28177Qc2rxQ1Kp8GdlzpMbw==",
      "requires": {
        "@polymer/iron-meta": "^3.0.0-pre.21",
        "@polymer/polymer": "^3.0.0"
      }
    },
    "@polymer/iron-meta": {
      "version": "3.0.0-pre.21",
      "resolved": "https://registry.npmjs.org/@polymer/iron-meta/-/iron-meta-3.0.0-pre.21.tgz",
      "integrity": "sha512-RR24zD2t4rSJyjisMo5Cfy200FFYrsmRDZSX8wk1JdaDHVWLgq9DM1aa7/B7WI7sEWkckzVZPBthRFVB+PmVwA==",
      "requires": {
        "@polymer/polymer": "^3.0.0"
      }
    },
    "@polymer/polymer": {
      "version": "3.0.5",
      "resolved": "https://registry.npmjs.org/@polymer/polymer/-/polymer-3.0.5.tgz",
      "integrity": "sha512-Zbmhtr5vZ3NoHWwFYLKI4ff7yfE6DZopI8vaS7HvmUIuNqsv/EpEDXfNEYjqePQmkMX5LU9OIKV1eX/+9aveow==",
      "requires": {
        "@webcomponents/shadycss": "^1.2.0"
      }
    },
    "@types/estree": {
      "version": "0.0.39",
      "resolved": "https://registry.npmjs.org/@types/estree/-/estree-0.0.39.tgz",
      "integrity": "sha512-EYNwp3bU+98cpU4lAWYYL7Zz+2gryWH1qbdDTidVd6hkiR6weksdbMadyXKXNPEkQFhXM+hVO9ZygomHXp+AIw==",
      "dev": true
    },
    "@types/node": {
      "version": "10.5.7",
      "resolved": "https://registry.npmjs.org/@types/node/-/node-10.5.7.tgz",
      "integrity": "sha512-VkKcfuitP+Nc/TaTFH0B8qNmn+6NbI6crLkQonbedViVz7O2w8QV/GERPlkJ4bg42VGHiEWa31CoTOPs1q6z1w==",
      "dev": true
    },
    "@vaadin/vaadin-button": {
      "version": "2.1.0-beta2",
      "resolved": "https://registry.npmjs.org/@vaadin/vaadin-button/-/vaadin-button-2.1.0-beta2.tgz",
      "integrity": "sha512-opJsiQiYrukayepzlrcVEK+NPc5e6h8PDG7a/sAbmgHiQTUyPbyzEjxCduFNxn+Dad2Eip0UADVKvoIJ7oNBcw==",
      "requires": {
        "@polymer/polymer": "^3.0.0",
        "@vaadin/vaadin-control-state-mixin": "^2.1.1",
        "@vaadin/vaadin-element-mixin": "^1.1.2",
        "@vaadin/vaadin-lumo-styles": "^1.1.0-beta1",
        "@vaadin/vaadin-material-styles": "^1.1.0-beta1",
        "@vaadin/vaadin-themable-mixin": "^1.2.1"
      },
      "dependencies": {
        "@vaadin/vaadin-lumo-styles": {
          "version": "1.1.0-beta1",
          "resolved": "https://registry.npmjs.org/@vaadin/vaadin-lumo-styles/-/vaadin-lumo-styles-1.1.0-beta1.tgz",
          "integrity": "sha512-SqHbRIUE+p2X3TguHmC87e9SdyAmHNQC4HQa95SB0fFT0irQznzKVmZt0Z+V7SIGBsoCTofOI0KP1GEgRf0JQQ==",
          "requires": {
            "@polymer/iron-icon": "^3.0.0-pre.18",
            "@polymer/iron-iconset-svg": "^3.0.0-pre.18",
            "@polymer/polymer": "^3.0.0"
          }
        }
      }
    },
    "@vaadin/vaadin-control-state-mixin": {
      "version": "2.1.1",
      "resolved": "https://registry.npmjs.org/@vaadin/vaadin-control-state-mixin/-/vaadin-control-state-mixin-2.1.1.tgz",
      "integrity": "sha512-YYhDdEdnFQOAoLY4SVJB5eUZHGAw/YTIeEEql6lHLlENDYuJ7eaniNhL5mIuQTf/uqSauTl1c1S/IJl3D8zGPw==",
      "requires": {
        "@polymer/polymer": "^3.0.0"
      }
    },
    "@vaadin/vaadin-development-mode-detector": {
      "version": "1.1.0-beta1",
      "resolved": "https://registry.npmjs.org/@vaadin/vaadin-development-mode-detector/-/vaadin-development-mode-detector-1.1.0-beta1.tgz",
      "integrity": "sha512-ZVTqTrc1zNnAe1yejnV+fREglqX/mO3brInMCtjmbbrDuQ6s/6xfkAUl3b7o/nppGnxZUS683hyuK1Ie05zuUg==",
      "requires": {
        "@polymer/polymer": "^3.0.0"
      }
    },
    "@vaadin/vaadin-element-mixin": {
      "version": "1.1.2",
      "resolved": "https://registry.npmjs.org/@vaadin/vaadin-element-mixin/-/vaadin-element-mixin-1.1.2.tgz",
      "integrity": "sha512-gsnX2/xZZG8HqD9rbEyyXSJRv0BrTYU0RocjtGzGfD86rZiKhmPML04gD+0Sg74d3TH9HzCSvzeMKnQ0Zog12g==",
      "requires": {
        "@polymer/polymer": "^3.0.0",
        "@vaadin/vaadin-development-mode-detector": "^1.1.0-beta1",
        "@vaadin/vaadin-usage-statistics": "^1.1.0-beta1"
      }
    },
    "@vaadin/vaadin-lumo-styles": {
      "version": "1.0.0-pre.6",
      "resolved": "https://registry.npmjs.org/@vaadin/vaadin-lumo-styles/-/vaadin-lumo-styles-1.0.0-pre.6.tgz",
      "integrity": "sha512-yaS2eNEPbdvJnLDHt7TOXW2kdaUcs/EW9DmsJKWLCCsVwKbyfIgNIx+tLFL//aCFWODnQFbyxxZqT48GBHEHwA==",
      "requires": {
        "@polymer/iron-icon": "^3.0.0-pre.15",
        "@polymer/iron-iconset-svg": "^3.0.0-pre.15",
        "@polymer/polymer": "^3.0.0-pre.13"
      }
    },
    "@vaadin/vaadin-material-styles": {
      "version": "1.1.0-beta1",
      "resolved": "https://registry.npmjs.org/@vaadin/vaadin-material-styles/-/vaadin-material-styles-1.1.0-beta1.tgz",
      "integrity": "sha512-bZak3bBoU/iqb9nU5Kr+dJnRvAXaeYXBkh5sQvWDTi0IsGepsQ4+8mfCTb6thKWSrzyK+qy25fsKQgT1OCFqww==",
      "requires": {
        "@polymer/polymer": "^3.0.0"
      }
    },
    "@vaadin/vaadin-text-field": {
      "version": "2.0.1-pre.2",
      "resolved": "https://registry.npmjs.org/@vaadin/vaadin-text-field/-/vaadin-text-field-2.0.1-pre.2.tgz",
      "integrity": "sha512-OieYCOSqVPoOQUm5DkfavV4EkfGAzJfYoAJJ2F0hfjKBR371mUJqIj7ErVNh+LxmbqQL++tD2JN8I92gob9vMw==",
      "requires": {
        "@polymer/polymer": "^3.0.0-pre.13",
        "@vaadin/vaadin-control-state-mixin": "^2.0.3-pre.2",
        "@vaadin/vaadin-element-mixin": "^1.0.2-pre.2",
        "@vaadin/vaadin-lumo-styles": "^1.0.0-pre.4",
        "@vaadin/vaadin-themable-mixin": "^1.1.5-pre.2"
      }
    },
    "@vaadin/vaadin-themable-mixin": {
      "version": "1.2.1",
      "resolved": "https://registry.npmjs.org/@vaadin/vaadin-themable-mixin/-/vaadin-themable-mixin-1.2.1.tgz",
      "integrity": "sha512-5mWCS/Xv2A2pFLtTSNcXl6VuUklihhXfm8JY5MzVaRRg4idYhRroDGIILGTa3NaMDWC9BaTWJgNa+g9rkMKMXQ==",
      "requires": {
        "@polymer/polymer": "^3.0.0"
      }
    },
    "@vaadin/vaadin-usage-statistics": {
      "version": "1.1.0-beta1",
      "resolved": "https://registry.npmjs.org/@vaadin/vaadin-usage-statistics/-/vaadin-usage-statistics-1.1.0-beta1.tgz",
      "integrity": "sha512-ribGDrQg6NI/Wf1JEZdNEEAb6oFdDJmuVoSSwoiBzvkUPr+qHn+3VaKUlan0kfdOHNeQPDllbIqSSeqfjz2EKw==",
      "requires": {
        "@polymer/polymer": "^3.0.0"
      }
    },
    "@webcomponents/shadycss": {
      "version": "1.4.0",
      "resolved": "https://registry.npmjs.org/@webcomponents/shadycss/-/shadycss-1.4.0.tgz",
      "integrity": "sha512-/OK+M06S9YbnTXAHm1QtHhONo0msBej/V84x3ZpSV+sJa1jp/FfOv0mW0IWdluU94QlVrPnJxK2t+Czggfivig=="
    },
    "@whcg/whcg-button": {
      "version": "1.0.0",
      "resolved": "https://registry.npmjs.org/@whcg/whcg-button/-/whcg-button-1.0.0.tgz",
      "integrity": "sha512-C8ldcY8ndlJ4GOocV0twWnUiQNU1I6t9BOxpBmRsRqfFD7CkBad5Co5ew9H/FrQZ6fXfGzabPKdqeXq4MYBQ9Q==",
      "requires": {
        "@vaadin/vaadin-button": "^2.1.0-beta2"
      }
    },
    "@whcg/whcg-number-field": {
      "version": "1.0.7",
      "resolved": "https://registry.npmjs.org/@whcg/whcg-number-field/-/whcg-number-field-1.0.7.tgz",
      "integrity": "sha512-XQoMqiBAxbylde24aag97yBJKJnfOVLVzU2exNmHxOoOzZD8i6ZkShwUMz+zIG8FWyV2VMP1jVBiJ/eUETAGOA==",
      "requires": {
        "@polymer/polymer": "^3.0.2",
        "@vaadin/vaadin-text-field": "^2.0.1-pre.2"
      }
    },
    "builtin-modules": {
      "version": "2.0.0",
      "resolved": "https://registry.npmjs.org/builtin-modules/-/builtin-modules-2.0.0.tgz",
      "integrity": "sha512-3U5kUA5VPsRUA3nofm/BXX7GVHKfxz0hOBAPxXrIvHzlDRkQVqEn6yi8QJegxl4LzOHLdvb7XF5dVawa/VVYBg==",
      "dev": true
    },
    "is-module": {
      "version": "1.0.0",
      "resolved": "https://registry.npmjs.org/is-module/-/is-module-1.0.0.tgz",
      "integrity": "sha1-Mlj7afeMFNW4FdZkM2tM/7ZEFZE=",
      "dev": true
    },
    "path-parse": {
      "version": "1.0.6",
      "resolved": "https://registry.npmjs.org/path-parse/-/path-parse-1.0.6.tgz",
      "integrity": "sha512-GSmOT2EbHrINBf9SR7CDELwlJ8AENk3Qn7OikK4nFYAu3Ote2+JYNVvkpAEQm3/TLNEJFD/xZJjzyxg3KBWOzw==",
      "dev": true
    },
    "resolve": {
      "version": "1.8.1",
      "resolved": "https://registry.npmjs.org/resolve/-/resolve-1.8.1.tgz",
      "integrity": "sha512-AicPrAC7Qu1JxPCZ9ZgCZlY35QgFnNqc+0LtbRNxnVw4TXvjQ72wnuL9JQcEBgXkI9JM8MsT9kaQoHcpCRJOYA==",
      "dev": true,
      "requires": {
        "path-parse": "^1.0.5"
      }
    },
    "rollup": {
      "version": "0.64.1",
      "resolved": "https://registry.npmjs.org/rollup/-/rollup-0.64.1.tgz",
      "integrity": "sha512-+ThdVXrvonJdOTzyybMBipP0uz605Z8AnzWVY3rf+cSGnLO7uNkJBlN+9jXqWOomkvumXfm/esmBpA5d53qm7g==",
      "dev": true,
      "requires": {
        "@types/estree": "0.0.39",
        "@types/node": "*"
      }
    },
    "rollup-plugin-node-resolve": {
      "version": "3.3.0",
      "resolved": "https://registry.npmjs.org/rollup-plugin-node-resolve/-/rollup-plugin-node-resolve-3.3.0.tgz",
      "integrity": "sha512-9zHGr3oUJq6G+X0oRMYlzid9fXicBdiydhwGChdyeNRGPcN/majtegApRKHLR5drboUvEWU+QeUmGTyEZQs3WA==",
      "dev": true,
      "requires": {
        "builtin-modules": "^2.0.0",
        "is-module": "^1.0.0",
        "resolve": "^1.1.6"
      }
    }
  }
}
